// !$*UTF8*$!
{
	archiveVersion = 1;
	classes = {
	};
	objectVersion = 46;
	objects = {

/* Begin PBXBuildFile section */
		DC6758581EBDD1CE00B1AFFC /* Regex.h in Headers */ = {isa = PBXBuildFile; fileRef = DC6758561EBDD1CE00B1AFFC /* Regex.h */; settings = {ATTRIBUTES = (Public, ); }; };
		DC6758601EBDD30C00B1AFFC /* Regex.swift in Sources */ = {isa = PBXBuildFile; fileRef = DC67585F1EBDD30C00B1AFFC /* Regex.swift */; };
		DC6758651EBF148200B1AFFC /* State.swift in Sources */ = {isa = PBXBuildFile; fileRef = DC6758641EBF148200B1AFFC /* State.swift */; };
		DC6758671EBF1A1500B1AFFC /* RegexError.swift in Sources */ = {isa = PBXBuildFile; fileRef = DC6758661EBF1A1500B1AFFC /* RegexError.swift */; };
		DC6758691EBF1B3800B1AFFC /* FiniteAutomaton.swift in Sources */ = {isa = PBXBuildFile; fileRef = DC6758681EBF1B3800B1AFFC /* FiniteAutomaton.swift */; };
		DC6758711EBF230400B1AFFC /* Tests.swift in Sources */ = {isa = PBXBuildFile; fileRef = DC6758701EBF230400B1AFFC /* Tests.swift */; };
		DC6758731EBF230400B1AFFC /* Regex.framework in Frameworks */ = {isa = PBXBuildFile; fileRef = DC6758531EBDD1CE00B1AFFC /* Regex.framework */; };
/* End PBXBuildFile section */

/* Begin PBXContainerItemProxy section */
		DC6758741EBF230400B1AFFC /* PBXContainerItemProxy */ = {
			isa = PBXContainerItemProxy;
			containerPortal = DC67584A1EBDD1CE00B1AFFC /* Project object */;
			proxyType = 1;
			remoteGlobalIDString = DC6758521EBDD1CE00B1AFFC;
			remoteInfo = Regex;
		};
/* End PBXContainerItemProxy section */

/* Begin PBXFileReference section */
		DC6758531EBDD1CE00B1AFFC /* Regex.framework */ = {isa = PBXFileReference; explicitFileType = wrapper.framework; includeInIndex = 0; path = Regex.framework; sourceTree = BUILT_PRODUCTS_DIR; };
		DC6758561EBDD1CE00B1AFFC /* Regex.h */ = {isa = PBXFileReference; lastKnownFileType = sourcecode.c.h; path = Regex.h; sourceTree = "<group>"; };
		DC6758571EBDD1CE00B1AFFC /* Info.plist */ = {isa = PBXFileReference; lastKnownFileType = text.plist.xml; path = Info.plist; sourceTree = "<group>"; };
		DC67585F1EBDD30C00B1AFFC /* Regex.swift */ = {isa = PBXFileReference; fileEncoding = 4; lastKnownFileType = sourcecode.swift; path = Regex.swift; sourceTree = "<group>"; };
		DC6758641EBF148200B1AFFC /* State.swift */ = {isa = PBXFileReference; fileEncoding = 4; lastKnownFileType = sourcecode.swift; path = State.swift; sourceTree = "<group>"; };
		DC6758661EBF1A1500B1AFFC /* RegexError.swift */ = {isa = PBXFileReference; fileEncoding = 4; lastKnownFileType = sourcecode.swift; path = RegexError.swift; sourceTree = "<group>"; };
		DC6758681EBF1B3800B1AFFC /* FiniteAutomaton.swift */ = {isa = PBXFileReference; fileEncoding = 4; lastKnownFileType = sourcecode.swift; path = FiniteAutomaton.swift; sourceTree = "<group>"; };
		DC67586E1EBF230400B1AFFC /* Tests.xctest */ = {isa = PBXFileReference; explicitFileType = wrapper.cfbundle; includeInIndex = 0; path = Tests.xctest; sourceTree = BUILT_PRODUCTS_DIR; };
		DC6758701EBF230400B1AFFC /* Tests.swift */ = {isa = PBXFileReference; lastKnownFileType = sourcecode.swift; path = Tests.swift; sourceTree = "<group>"; };
		DC6758721EBF230400B1AFFC /* Info.plist */ = {isa = PBXFileReference; lastKnownFileType = text.plist.xml; path = Info.plist; sourceTree = "<group>"; };
/* End PBXFileReference section */

/* Begin PBXFrameworksBuildPhase section */
		DC67584F1EBDD1CE00B1AFFC /* Frameworks */ = {
			isa = PBXFrameworksBuildPhase;
			buildActionMask = 2147483647;
			files = (
			);
			runOnlyForDeploymentPostprocessing = 0;
		};
		DC67586B1EBF230400B1AFFC /* Frameworks */ = {
			isa = PBXFrameworksBuildPhase;
			buildActionMask = 2147483647;
			files = (
				DC6758731EBF230400B1AFFC /* Regex.framework in Frameworks */,
			);
			runOnlyForDeploymentPostprocessing = 0;
		};
/* End PBXFrameworksBuildPhase section */

/* Begin PBXGroup section */
		DC6758491EBDD1CE00B1AFFC = {
			isa = PBXGroup;
			children = (
				DC67585E1EBDD2F400B1AFFC /* Sources */,
				DC6758551EBDD1CE00B1AFFC /* Regex */,
				DC67586F1EBF230400B1AFFC /* Tests */,
				DC6758541EBDD1CE00B1AFFC /* Products */,
			);
			sourceTree = "<group>";
		};
		DC6758541EBDD1CE00B1AFFC /* Products */ = {
			isa = PBXGroup;
			children = (
				DC6758531EBDD1CE00B1AFFC /* Regex.framework */,
				DC67586E1EBF230400B1AFFC /* Tests.xctest */,
			);
			name = Products;
			sourceTree = "<group>";
		};
		DC6758551EBDD1CE00B1AFFC /* Regex */ = {
			isa = PBXGroup;
			children = (
				DC6758561EBDD1CE00B1AFFC /* Regex.h */,
				DC6758571EBDD1CE00B1AFFC /* Info.plist */,
			);
			path = Regex;
			sourceTree = "<group>";
		};
		DC67585E1EBDD2F400B1AFFC /* Sources */ = {
			isa = PBXGroup;
			children = (
				DC67585F1EBDD30C00B1AFFC /* Regex.swift */,
				DC6758631EBF148200B1AFFC /* Core */,
			);
			path = Sources;
			sourceTree = "<group>";
		};
		DC6758631EBF148200B1AFFC /* Core */ = {
			isa = PBXGroup;
			children = (
				DC6758661EBF1A1500B1AFFC /* RegexError.swift */,
				DC6758641EBF148200B1AFFC /* State.swift */,
				DC6758681EBF1B3800B1AFFC /* FiniteAutomaton.swift */,
			);
			path = Core;
			sourceTree = "<group>";
		};
		DC67586F1EBF230400B1AFFC /* Tests */ = {
			isa = PBXGroup;
			children = (
				DC6758701EBF230400B1AFFC /* Tests.swift */,
				DC6758721EBF230400B1AFFC /* Info.plist */,
			);
			path = Tests;
			sourceTree = "<group>";
		};
/* End PBXGroup section */

/* Begin PBXHeadersBuildPhase section */
		DC6758501EBDD1CE00B1AFFC /* Headers */ = {
			isa = PBXHeadersBuildPhase;
			buildActionMask = 2147483647;
			files = (
				DC6758581EBDD1CE00B1AFFC /* Regex.h in Headers */,
			);
			runOnlyForDeploymentPostprocessing = 0;
		};
/* End PBXHeadersBuildPhase section */

/* Begin PBXNativeTarget section */
		DC6758521EBDD1CE00B1AFFC /* Regex */ = {
			isa = PBXNativeTarget;
			buildConfigurationList = DC67585B1EBDD1CE00B1AFFC /* Build configuration list for PBXNativeTarget "Regex" */;
			buildPhases = (
				DC67584E1EBDD1CE00B1AFFC /* Sources */,
				DC67584F1EBDD1CE00B1AFFC /* Frameworks */,
				DC6758501EBDD1CE00B1AFFC /* Headers */,
				DC6758511EBDD1CE00B1AFFC /* Resources */,
			);
			buildRules = (
			);
			dependencies = (
			);
			name = Regex;
			productName = Regex;
			productReference = DC6758531EBDD1CE00B1AFFC /* Regex.framework */;
			productType = "com.apple.product-type.framework";
		};
		DC67586D1EBF230400B1AFFC /* Tests */ = {
			isa = PBXNativeTarget;
			buildConfigurationList = DC6758761EBF230400B1AFFC /* Build configuration list for PBXNativeTarget "Tests" */;
			buildPhases = (
				DC67586A1EBF230400B1AFFC /* Sources */,
				DC67586B1EBF230400B1AFFC /* Frameworks */,
				DC67586C1EBF230400B1AFFC /* Resources */,
			);
			buildRules = (
			);
			dependencies = (
				DC6758751EBF230400B1AFFC /* PBXTargetDependency */,
			);
			name = Tests;
			productName = Tests;
			productReference = DC67586E1EBF230400B1AFFC /* Tests.xctest */;
			productType = "com.apple.product-type.bundle.unit-test";
		};
/* End PBXNativeTarget section */

/* Begin PBXProject section */
		DC67584A1EBDD1CE00B1AFFC /* Project object */ = {
			isa = PBXProject;
			attributes = {
				LastSwiftUpdateCheck = 0830;
				LastUpgradeCheck = 0830;
				ORGANIZATIONNAME = jiangyou;
				TargetAttributes = {
					DC6758521EBDD1CE00B1AFFC = {
						CreatedOnToolsVersion = 8.3.2;
						DevelopmentTeam = TKA48YVS5T;
						LastSwiftMigration = 0830;
						ProvisioningStyle = Automatic;
					};
					DC67586D1EBF230400B1AFFC = {
						CreatedOnToolsVersion = 8.3.2;
						DevelopmentTeam = TKA48YVS5T;
						ProvisioningStyle = Automatic;
					};
				};
			};
			buildConfigurationList = DC67584D1EBDD1CE00B1AFFC /* Build configuration list for PBXProject "Regex" */;
			compatibilityVersion = "Xcode 3.2";
			developmentRegion = English;
			hasScannedForEncodings = 0;
			knownRegions = (
				en,
			);
			mainGroup = DC6758491EBDD1CE00B1AFFC;
			productRefGroup = DC6758541EBDD1CE00B1AFFC /* Products */;
			projectDirPath = "";
			projectRoot = "";
			targets = (
				DC6758521EBDD1CE00B1AFFC /* Regex */,
				DC67586D1EBF230400B1AFFC /* Tests */,
			);
		};
/* End PBXProject section */

/* Begin PBXResourcesBuildPhase section */
		DC6758511EBDD1CE00B1AFFC /* Resources */ = {
			isa = PBXResourcesBuildPhase;
			buildActionMask = 2147483647;
			files = (
			);
			runOnlyForDeploymentPostprocessing = 0;
		};
		DC67586C1EBF230400B1AFFC /* Resources */ = {
			isa = PBXResourcesBuildPhase;
			buildActionMask = 2147483647;
			files = (
			);
			runOnlyForDeploymentPostprocessing = 0;
		};
/* End PBXResourcesBuildPhase section */

/* Begin PBXSourcesBuildPhase section */
		DC67584E1EBDD1CE00B1AFFC /* Sources */ = {
			isa = PBXSourcesBuildPhase;
			buildActionMask = 2147483647;
			files = (
				DC6758601EBDD30C00B1AFFC /* Regex.swift in Sources */,
				DC6758651EBF148200B1AFFC /* State.swift in Sources */,
				DC6758671EBF1A1500B1AFFC /* RegexError.swift in Sources */,
				DC6758691EBF1B3800B1AFFC /* FiniteAutomaton.swift in Sources */,
			);
			runOnlyForDeploymentPostprocessing = 0;
		};
		DC67586A1EBF230400B1AFFC /* Sources */ = {
			isa = PBXSourcesBuildPhase;
			buildActionMask = 2147483647;
			files = (
				DC6758711EBF230400B1AFFC /* Tests.swift in Sources */,
			);
			runOnlyForDeploymentPostprocessing = 0;
		};
/* End PBXSourcesBuildPhase section */

/* Begin PBXTargetDependency section */
		DC6758751EBF230400B1AFFC /* PBXTargetDependency */ = {
			isa = PBXTargetDependency;
			target = DC6758521EBDD1CE00B1AFFC /* Regex */;
			targetProxy = DC6758741EBF230400B1AFFC /* PBXContainerItemProxy */;
		};
/* End PBXTargetDependency section */

/* Begin XCBuildConfiguration section */
		DC6758591EBDD1CE00B1AFFC /* Debug */ = {
			isa = XCBuildConfiguration;
			buildSettings = {
				ALWAYS_SEARCH_USER_PATHS = NO;
				CLANG_ANALYZER_NONNULL = YES;
				CLANG_ANALYZER_NUMBER_OBJECT_CONVERSION = YES_AGGRESSIVE;
				CLANG_CXX_LANGUAGE_STANDARD = "gnu++0x";
				CLANG_CXX_LIBRARY = "libc++";
				CLANG_ENABLE_MODULES = YES;
				CLANG_ENABLE_OBJC_ARC = YES;
				CLANG_WARN_BOOL_CONVERSION = YES;
				CLANG_WARN_CONSTANT_CONVERSION = YES;
				CLANG_WARN_DIRECT_OBJC_ISA_USAGE = YES_ERROR;
				CLANG_WARN_DOCUMENTATION_COMMENTS = YES;
				CLANG_WARN_EMPTY_BODY = YES;
				CLANG_WARN_ENUM_CONVERSION = YES;
				CLANG_WARN_INFINITE_RECURSION = YES;
				CLANG_WARN_INT_CONVERSION = YES;
				CLANG_WARN_OBJC_ROOT_CLASS = YES_ERROR;
				CLANG_WARN_SUSPICIOUS_MOVE = YES;
				CLANG_WARN_UNREACHABLE_CODE = YES;
				CLANG_WARN__DUPLICATE_METHOD_MATCH = YES;
				CODE_SIGN_IDENTITY = "-";
				COPY_PHASE_STRIP = NO;
				CURRENT_PROJECT_VERSION = 1;
				DEBUG_INFORMATION_FORMAT = dwarf;
				ENABLE_STRICT_OBJC_MSGSEND = YES;
				ENABLE_TESTABILITY = YES;
				GCC_C_LANGUAGE_STANDARD = gnu99;
				GCC_DYNAMIC_NO_PIC = NO;
				GCC_NO_COMMON_BLOCKS = YES;
				GCC_OPTIMIZATION_LEVEL = 0;
				GCC_PREPROCESSOR_DEFINITIONS = (
					"DEBUG=1",
					"$(inherited)",
				);
				GCC_WARN_64_TO_32_BIT_CONVERSION = YES;
				GCC_WARN_ABOUT_RETURN_TYPE = YES_ERROR;
				GCC_WARN_UNDECLARED_SELECTOR = YES;
				GCC_WARN_UNINITIALIZED_AUTOS = YES_AGGRESSIVE;
				GCC_WARN_UNUSED_FUNCTION = YES;
				GCC_WARN_UNUSED_VARIABLE = YES;
				MACOSX_DEPLOYMENT_TARGET = 10.12;
				MTL_ENABLE_DEBUG_INFO = YES;
				ONLY_ACTIVE_ARCH = YES;
				SDKROOT = macosx;
				SWIFT_ACTIVE_COMPILATION_CONDITIONS = DEBUG;
				SWIFT_OPTIMIZATION_LEVEL = "-Onone";
				VERSIONING_SYSTEM = "apple-generic";
				VERSION_INFO_PREFIX = "";
			};
			name = Debug;
		};
		DC67585A1EBDD1CE00B1AFFC /* Release */ = {
			isa = XCBuildConfiguration;
			buildSettings = {
				ALWAYS_SEARCH_USER_PATHS = NO;
				CLANG_ANALYZER_NONNULL = YES;
				CLANG_ANALYZER_NUMBER_OBJECT_CONVERSION = YES_AGGRESSIVE;
				CLANG_CXX_LANGUAGE_STANDARD = "gnu++0x";
				CLANG_CXX_LIBRARY = "libc++";
				CLANG_ENABLE_MODULES = YES;
				CLANG_ENABLE_OBJC_ARC = YES;
				CLANG_WARN_BOOL_CONVERSION = YES;
				CLANG_WARN_CONSTANT_CONVERSION = YES;
				CLANG_WARN_DIRECT_OBJC_ISA_USAGE = YES_ERROR;
				CLANG_WARN_DOCUMENTATION_COMMENTS = YES;
				CLANG_WARN_EMPTY_BODY = YES;
				CLANG_WARN_ENUM_CONVERSION = YES;
				CLANG_WARN_INFINITE_RECURSION = YES;
				CLANG_WARN_INT_CONVERSION = YES;
				CLANG_WARN_OBJC_ROOT_CLASS = YES_ERROR;
				CLANG_WARN_SUSPICIOUS_MOVE = YES;
				CLANG_WARN_UNREACHABLE_CODE = YES;
				CLANG_WARN__DUPLICATE_METHOD_MATCH = YES;
				CODE_SIGN_IDENTITY = "-";
				COPY_PHASE_STRIP = NO;
				CURRENT_PROJECT_VERSION = 1;
				DEBUG_INFORMATION_FORMAT = "dwarf-with-dsym";
				ENABLE_NS_ASSERTIONS = NO;
				ENABLE_STRICT_OBJC_MSGSEND = YES;
				GCC_C_LANGUAGE_STANDARD = gnu99;
				GCC_NO_COMMON_BLOCKS = YES;
				GCC_WARN_64_TO_32_BIT_CONVERSION = YES;
				GCC_WARN_ABOUT_RETURN_TYPE = YES_ERROR;
				GCC_WARN_UNDECLARED_SELECTOR = YES;
				GCC_WARN_UNINITIALIZED_AUTOS = YES_AGGRESSIVE;
				GCC_WARN_UNUSED_FUNCTION = YES;
				GCC_WARN_UNUSED_VARIABLE = YES;
				MACOSX_DEPLOYMENT_TARGET = 10.12;
				MTL_ENABLE_DEBUG_INFO = NO;
				SDKROOT = macosx;
				SWIFT_OPTIMIZATION_LEVEL = "-Owholemodule";
				VERSIONING_SYSTEM = "apple-generic";
				VERSION_INFO_PREFIX = "";
			};
			name = Release;
		};
		DC67585C1EBDD1CE00B1AFFC /* Debug */ = {
			isa = XCBuildConfiguration;
			buildSettings = {
				CLANG_ENABLE_MODULES = YES;
				CODE_SIGN_IDENTITY = "";
				COMBINE_HIDPI_IMAGES = YES;
				DEFINES_MODULE = YES;
				DEVELOPMENT_TEAM = TKA48YVS5T;
				DYLIB_COMPATIBILITY_VERSION = 1;
				DYLIB_CURRENT_VERSION = 1;
				DYLIB_INSTALL_NAME_BASE = "@rpath";
				FRAMEWORK_VERSION = A;
				INFOPLIST_FILE = Regex/Info.plist;
				INSTALL_PATH = "$(LOCAL_LIBRARY_DIR)/Frameworks";
				LD_RUNPATH_SEARCH_PATHS = "$(inherited) @executable_path/../Frameworks @loader_path/Frameworks";
				PRODUCT_BUNDLE_IDENTIFIER = com.jiangyou.Regex;
				PRODUCT_NAME = "$(TARGET_NAME)";
				SKIP_INSTALL = YES;
				SWIFT_OPTIMIZATION_LEVEL = "-Onone";
				SWIFT_VERSION = 3.0;
			};
			name = Debug;
		};
		DC67585D1EBDD1CE00B1AFFC /* Release */ = {
			isa = XCBuildConfiguration;
			buildSettings = {
				CLANG_ENABLE_MODULES = YES;
				CODE_SIGN_IDENTITY = "";
				COMBINE_HIDPI_IMAGES = YES;
				DEFINES_MODULE = YES;
				DEVELOPMENT_TEAM = TKA48YVS5T;
				DYLIB_COMPATIBILITY_VERSION = 1;
				DYLIB_CURRENT_VERSION = 1;
				DYLIB_INSTALL_NAME_BASE = "@rpath";
				FRAMEWORK_VERSION = A;
				INFOPLIST_FILE = Regex/Info.plist;
				INSTALL_PATH = "$(LOCAL_LIBRARY_DIR)/Frameworks";
				LD_RUNPATH_SEARCH_PATHS = "$(inherited) @executable_path/../Frameworks @loader_path/Frameworks";
				PRODUCT_BUNDLE_IDENTIFIER = com.jiangyou.Regex;
				PRODUCT_NAME = "$(TARGET_NAME)";
				SKIP_INSTALL = YES;
				SWIFT_VERSION = 3.0;
			};
			name = Release;
		};
		DC6758771EBF230400B1AFFC /* Debug */ = {
			isa = XCBuildConfiguration;
			buildSettings = {
				COMBINE_HIDPI_IMAGES = YES;
				DEVELOPMENT_TEAM = TKA48YVS5T;
				INFOPLIST_FILE = Tests/Info.plist;
				LD_RUNPATH_SEARCH_PATHS = "$(inherited) @executable_path/../Frameworks @loader_path/../Frameworks";
				PRODUCT_BUNDLE_IDENTIFIER = com.jiangyou.Tests;
				PRODUCT_NAME = "$(TARGET_NAME)";
				SWIFT_VERSION = 3.0;
			};
			name = Debug;
		};
		DC6758781EBF230400B1AFFC /* Release */ = {
			isa = XCBuildConfiguration;
			buildSettings = {
				COMBINE_HIDPI_IMAGES = YES;
				DEVELOPMENT_TEAM = TKA48YVS5T;
				INFOPLIST_FILE = Tests/Info.plist;
				LD_RUNPATH_SEARCH_PATHS = "$(inherited) @executable_path/../Frameworks @loader_path/../Frameworks";
				PRODUCT_BUNDLE_IDENTIFIER = com.jiangyou.Tests;
				PRODUCT_NAME = "$(TARGET_NAME)";
				SWIFT_VERSION = 3.0;
			};
			name = Release;
		};
/* End XCBuildConfiguration section */

/* Begin XCConfigurationList section */
		DC67584D1EBDD1CE00B1AFFC /* Build configuration list for PBXProject "Regex" */ = {
			isa = XCConfigurationList;
			buildConfigurations = (
				DC6758591EBDD1CE00B1AFFC /* Debug */,
				DC67585A1EBDD1CE00B1AFFC /* Release */,
			);
			defaultConfigurationIsVisible = 0;
			defaultConfigurationName = Release;
		};
		DC67585B1EBDD1CE00B1AFFC /* Build configuration list for PBXNativeTarget "Regex" */ = {
			isa = XCConfigurationList;
			buildConfigurations = (
				DC67585C1EBDD1CE00B1AFFC /* Debug */,
				DC67585D1EBDD1CE00B1AFFC /* Release */,
			);
			defaultConfigurationIsVisible = 0;
			defaultConfigurationName = Release;
		};
		DC6758761EBF230400B1AFFC /* Build configuration list for PBXNativeTarget "Tests" */ = {
			isa = XCConfigurationList;
			buildConfigurations = (
				DC6758771EBF230400B1AFFC /* Debug */,
				DC6758781EBF230400B1AFFC /* Release */,
			);
			defaultConfigurationIsVisible = 0;
		};
/* End XCConfigurationList section */
	};
	rootObject = DC67584A1EBDD1CE00B1AFFC /* Project object */;
}
